
Microsoft Visual Studio Solution File, Format Version 12.00
# Visual Studio Version 17
VisualStudioVersion = 17.9.34616.47
MinimumVisualStudioVersion = 10.0.40219.1
Project("{FAE04EC0-301F-11D3-BF4B-00C04F79EFBC}") = "ProyectoPrograAvanzada", "ProyectoPrograAvanzada\ProyectoPrograAvanzada.csproj", "{D4ADBD70-75BB-4F61-B40D-74EE3A651573}"
EndProject
Global
	GlobalSection(SolutionConfigurationPlatforms) = preSolution
		Debug|Any CPU = Debug|Any CPU
		Release|Any CPU = Release|Any CPU
	EndGlobalSection
	GlobalSection(ProjectConfigurationPlatforms) = postSolution
		{D4ADBD70-75BB-4F61-B40D-74EE3A651573}.Debug|Any CPU.ActiveCfg = Debug|Any CPU
		{D4ADBD70-75BB-4F61-B40D-74EE3A651573}.Debug|Any CPU.Build.0 = Debug|Any CPU
		{D4ADBD70-75BB-4F61-B40D-74EE3A651573}.Release|Any CPU.ActiveCfg = Release|Any CPU
		{D4ADBD70-75BB-4F61-B40D-74EE3A651573}.Release|Any CPU.Build.0 = Release|Any CPU
	EndGlobalSection
	GlobalSection(SolutionProperties) = preSolution
		HideSolutionNode = FALSE
	EndGlobalSection
	GlobalSection(ExtensibilityGlobals) = postSolution
		SolutionGuid = {B7CF4090-114C-4AB5-9DB3-5BAC17A84112}
	EndGlobalSection
EndGlobal
